
Microsoft Visual Studio Solution File, Format Version 12.00
# Visual Studio Version 16
VisualStudioVersion = 16.0.30711.63
MinimumVisualStudioVersion = 10.0.40219.1
Project("{9A19103F-16F7-4668-BE54-9A1E7A4F7556}") = "SeleniumTutorial", "SeleniumTutorial.csproj", "{5748EE01-7922-4B80-BE9D-D8B0ACBBCF58}"
EndProject
Project("{FAE04EC0-301F-11D3-BF4B-00C04F79EFBC}") = "LocalTests", "..\LocalTests\LocalTests.csproj", "{3C479902-59A8-42EB-99C7-37DEA7DB19FC}"
EndProject
Global
	GlobalSection(SolutionConfigurationPlatforms) = preSolution
		Debug|Any CPU = Debug|Any CPU
		Release|Any CPU = Release|Any CPU
	EndGlobalSection
	GlobalSection(ProjectConfigurationPlatforms) = postSolution
		{5748EE01-7922-4B80-BE9D-D8B0ACBBCF58}.Debug|Any CPU.ActiveCfg = Debug|Any CPU
		{5748EE01-7922-4B80-BE9D-D8B0ACBBCF58}.Debug|Any CPU.Build.0 = Debug|Any CPU
		{5748EE01-7922-4B80-BE9D-D8B0ACBBCF58}.Release|Any CPU.ActiveCfg = Release|Any CPU
		{5748EE01-7922-4B80-BE9D-D8B0ACBBCF58}.Release|Any CPU.Build.0 = Release|Any CPU
		{3C479902-59A8-42EB-99C7-37DEA7DB19FC}.Debug|Any CPU.ActiveCfg = Debug|Any CPU
		{3C479902-59A8-42EB-99C7-37DEA7DB19FC}.Debug|Any CPU.Build.0 = Debug|Any CPU
		{3C479902-59A8-42EB-99C7-37DEA7DB19FC}.Release|Any CPU.ActiveCfg = Release|Any CPU
		{3C479902-59A8-42EB-99C7-37DEA7DB19FC}.Release|Any CPU.Build.0 = Release|Any CPU
	EndGlobalSection
	GlobalSection(SolutionProperties) = preSolution
		HideSolutionNode = FALSE
	EndGlobalSection
	GlobalSection(ExtensibilityGlobals) = postSolution
		SolutionGuid = {23CD98BE-8A0D-4984-9B83-8D059516F0FB}
	EndGlobalSection
EndGlobal
